
Microsoft Visual Studio Solution File, Format Version 11.00
# Visual Studio 2010
Project("{FAE04EC0-301F-11D3-BF4B-00C04F79EFBC}") = "Prognostication2", "Prognostication2\Prognostication2.csproj", "{A285C5FF-1873-496B-BD6C-E66439C6D56E}"
EndProject
Global
	GlobalSection(SolutionConfigurationPlatforms) = preSolution
		Debug|x86 = Debug|x86
		Release|x86 = Release|x86
	EndGlobalSection
	GlobalSection(ProjectConfigurationPlatforms) = postSolution
		{A285C5FF-1873-496B-BD6C-E66439C6D56E}.Debug|x86.ActiveCfg = Debug|x86
		{A285C5FF-1873-496B-BD6C-E66439C6D56E}.Debug|x86.Build.0 = Debug|x86
		{A285C5FF-1873-496B-BD6C-E66439C6D56E}.Release|x86.ActiveCfg = Release|x86
		{A285C5FF-1873-496B-BD6C-E66439C6D56E}.Release|x86.Build.0 = Release|x86
	EndGlobalSection
	GlobalSection(SolutionProperties) = preSolution
		HideSolutionNode = FALSE
	EndGlobalSection
EndGlobal
